
Microsoft Visual Studio Solution File, Format Version 12.00
# Visual Studio Version 17
VisualStudioVersion = 17.1.32210.238
MinimumVisualStudioVersion = 10.0.40219.1
Project("{FAE04EC0-301F-11D3-BF4B-00C04F79EFBC}") = "TweetStampv2", "TweetStampv2\TweetStampv2.csproj", "{6B1F22F3-1838-458F-917B-613F779516B0}"
EndProject
Global
	GlobalSection(SolutionConfigurationPlatforms) = preSolution
		Debug|Any CPU = Debug|Any CPU
		Release|Any CPU = Release|Any CPU
	EndGlobalSection
	GlobalSection(ProjectConfigurationPlatforms) = postSolution
		{6B1F22F3-1838-458F-917B-613F779516B0}.Debug|Any CPU.ActiveCfg = Debug|Any CPU
		{6B1F22F3-1838-458F-917B-613F779516B0}.Debug|Any CPU.Build.0 = Debug|Any CPU
		{6B1F22F3-1838-458F-917B-613F779516B0}.Release|Any CPU.ActiveCfg = Release|Any CPU
		{6B1F22F3-1838-458F-917B-613F779516B0}.Release|Any CPU.Build.0 = Release|Any CPU
	EndGlobalSection
	GlobalSection(SolutionProperties) = preSolution
		HideSolutionNode = FALSE
	EndGlobalSection
	GlobalSection(ExtensibilityGlobals) = postSolution
		SolutionGuid = {42C74589-3B7B-4CA0-9969-DE9C531705CB}
	EndGlobalSection
EndGlobal
